
Microsoft Visual Studio Solution File, Format Version 12.00
# Visual Studio 15
VisualStudioVersion = 15.0.28307.539
MinimumVisualStudioVersion = 10.0.40219.1
Project("{FAE04EC0-301F-11D3-BF4B-00C04F79EFBC}") = "Landmark Remark", "Landmark Remark\Landmark Remark.csproj", "{43C8F22F-52D8-4877-8D24-27234A2B277B}"
EndProject
Global
	GlobalSection(SolutionConfigurationPlatforms) = preSolution
		Debug|Any CPU = Debug|Any CPU
		Release|Any CPU = Release|Any CPU
	EndGlobalSection
	GlobalSection(ProjectConfigurationPlatforms) = postSolution
		{43C8F22F-52D8-4877-8D24-27234A2B277B}.Debug|Any CPU.ActiveCfg = Debug|Any CPU
		{43C8F22F-52D8-4877-8D24-27234A2B277B}.Debug|Any CPU.Build.0 = Debug|Any CPU
		{43C8F22F-52D8-4877-8D24-27234A2B277B}.Release|Any CPU.ActiveCfg = Release|Any CPU
		{43C8F22F-52D8-4877-8D24-27234A2B277B}.Release|Any CPU.Build.0 = Release|Any CPU
	EndGlobalSection
	GlobalSection(SolutionProperties) = preSolution
		HideSolutionNode = FALSE
	EndGlobalSection
	GlobalSection(ExtensibilityGlobals) = postSolution
		SolutionGuid = {99BE23B6-4B89-468B-A5FA-14EC7BC19F90}
	EndGlobalSection
EndGlobal
